{
  "object": {
    "pins": [
      {
        "package": "AtomicSwift",
        "repositoryURL": "https://github.com/MarioIannotta/AtomicSwift.git",
        "state": {
          "branch": null,
          "revision": "e2913c6e873bc60237dd138ba0db9b109016dd80",
          "version": "1.2.1"
        }
      },
      {
        "package": "DNSCore",
        "repositoryURL": "https://github.com/DoubleNode/DNSCore.git",
        "state": {
          "branch": null,
          "revision": "1e5122a859a7e367dd35a93410f8f12c93618d12",
          "version": "1.1.2"
        }
      },
      {
        "package": "DNSCoreThreading",
        "repositoryURL": "https://github.com/DoubleNode/DNSCoreThreading.git",
        "state": {
          "branch": null,
          "revision": "4868b8878253c119a83c61b0186904bbb3d29728",
          "version": "1.1.1"
        }
      },
      {
        "package": "DNSDataObjects",
        "repositoryURL": "https://github.com/DoubleNode/DNSDataObjects.git",
        "state": {
          "branch": null,
          "revision": "2e49fed9b30698398f58768e150ba4ec7234916b",
          "version": "1.1.1"
        }
      },
      {
        "package": "DNSProtocols",
        "repositoryURL": "https://github.com/DoubleNode/DNSProtocols.git",
        "state": {
          "branch": null,
          "revision": "16cf6dac7a5fedbd363b1f5313f0f5c0c518b243",
          "version": "1.1.1"
        }
      },
      {
        "package": "SFSymbol",
        "repositoryURL": "https://github.com/Nirma/SFSymbol",
        "state": {
          "branch": null,
          "revision": "5eba1ce4fc19b2f5aca2208b5927c544e0e89963",
          "version": "0.2.0"
        }
      },
      {
        "package": "SwiftyBeaver",
        "repositoryURL": "https://github.com/SwiftyBeaver/SwiftyBeaver.git",
        "state": {
          "branch": null,
          "revision": "e0fb3a74cb993d7dcf1e56734cdc98ad6e6d8176",
          "version": "1.9.1"
        }
      }
    ]
  },
  "version": 1
}
